PODS:
  - CVCalendar (1.7.0)
  - TimelineTableViewCell (2.2.1)

DEPENDENCIES:
  - CVCalendar (~> 1.7.0)
  - TimelineTableViewCell

SPEC REPOS:
  trunk:
    - CVCalendar
    - TimelineTableViewCell

SPEC CHECKSUMS:
  CVCalendar: 1174c1b43c1a258970e14c1e8b19ef4106c5900b
  TimelineTableViewCell: b2721a3c1f17c4a4950ae442f45cd4e8669a2750

PODFILE CHECKSUM: 9c8d23a103df8ebd962ef1a0d864e807a68648ce

COCOAPODS: 1.10.0
